
Microsoft Visual Studio Solution File, Format Version 12.00
# Visual Studio Version 17
VisualStudioVersion = 17.13.35913.81 d17.13
MinimumVisualStudioVersion = 10.0.40219.1
Project("{FAE04EC0-301F-11D3-BF4B-00C04F79EFBC}") = "BulkyWeb", "BulkyWeb\BulkyWeb.csproj", "{716D1338-9DCE-4F3A-B6E6-5B332F46B007}"
EndProject
Global
	GlobalSection(SolutionConfigurationPlatforms) = preSolution
		Debug|Any CPU = Debug|Any CPU
		Release|Any CPU = Release|Any CPU
	EndGlobalSection
	GlobalSection(ProjectConfigurationPlatforms) = postSolution
		{716D1338-9DCE-4F3A-B6E6-5B332F46B007}.Debug|Any CPU.ActiveCfg = Debug|Any CPU
		{716D1338-9DCE-4F3A-B6E6-5B332F46B007}.Debug|Any CPU.Build.0 = Debug|Any CPU
		{716D1338-9DCE-4F3A-B6E6-5B332F46B007}.Release|Any CPU.ActiveCfg = Release|Any CPU
		{716D1338-9DCE-4F3A-B6E6-5B332F46B007}.Release|Any CPU.Build.0 = Release|Any CPU
	EndGlobalSection
	GlobalSection(SolutionProperties) = preSolution
		HideSolutionNode = FALSE
	EndGlobalSection
	GlobalSection(ExtensibilityGlobals) = postSolution
		SolutionGuid = {37B884B4-7733-4310-8B73-A94ED42BD5DC}
	EndGlobalSection
EndGlobal
