
Microsoft Visual Studio Solution File, Format Version 12.00
# Visual Studio Version 17
VisualStudioVersion = 17.13.35913.81
MinimumVisualStudioVersion = 10.0.40219.1
Project("{FAE04EC0-301F-11D3-BF4B-00C04F79EFBC}") = "BulkyWeb", "BulkyWeb\BulkyWeb.csproj", "{716D1338-9DCE-4F3A-B6E6-5B332F46B007}"
EndProject
Project("{FAE04EC0-301F-11D3-BF4B-00C04F79EFBC}") = "Bulky.Utility", "Bulky.Utility\Bulky.Utility.csproj", "{A3E48D96-E3C2-409D-A699-5D907C82833F}"
EndProject
Project("{FAE04EC0-301F-11D3-BF4B-00C04F79EFBC}") = "Bulky.DataAccess", "Bulky.DataAccess\Bulky.DataAccess.csproj", "{1217AF1A-E19C-46A3-B21D-613562954AD0}"
EndProject
Project("{FAE04EC0-301F-11D3-BF4B-00C04F79EFBC}") = "Bulky.Models", "Bulky.Models\Bulky.Models.csproj", "{95835B95-1AF4-4D16-8339-56621E25893D}"
EndProject
Global
	GlobalSection(SolutionConfigurationPlatforms) = preSolution
		Debug|Any CPU = Debug|Any CPU
		Release|Any CPU = Release|Any CPU
	EndGlobalSection
	GlobalSection(ProjectConfigurationPlatforms) = postSolution
		{716D1338-9DCE-4F3A-B6E6-5B332F46B007}.Debug|Any CPU.ActiveCfg = Debug|Any CPU
		{716D1338-9DCE-4F3A-B6E6-5B332F46B007}.Debug|Any CPU.Build.0 = Debug|Any CPU
		{716D1338-9DCE-4F3A-B6E6-5B332F46B007}.Release|Any CPU.ActiveCfg = Release|Any CPU
		{716D1338-9DCE-4F3A-B6E6-5B332F46B007}.Release|Any CPU.Build.0 = Release|Any CPU
		{A3E48D96-E3C2-409D-A699-5D907C82833F}.Debug|Any CPU.ActiveCfg = Debug|Any CPU
		{A3E48D96-E3C2-409D-A699-5D907C82833F}.Debug|Any CPU.Build.0 = Debug|Any CPU
		{A3E48D96-E3C2-409D-A699-5D907C82833F}.Release|Any CPU.ActiveCfg = Release|Any CPU
		{A3E48D96-E3C2-409D-A699-5D907C82833F}.Release|Any CPU.Build.0 = Release|Any CPU
		{1217AF1A-E19C-46A3-B21D-613562954AD0}.Debug|Any CPU.ActiveCfg = Debug|Any CPU
		{1217AF1A-E19C-46A3-B21D-613562954AD0}.Debug|Any CPU.Build.0 = Debug|Any CPU
		{1217AF1A-E19C-46A3-B21D-613562954AD0}.Release|Any CPU.ActiveCfg = Release|Any CPU
		{1217AF1A-E19C-46A3-B21D-613562954AD0}.Release|Any CPU.Build.0 = Release|Any CPU
		{95835B95-1AF4-4D16-8339-56621E25893D}.Debug|Any CPU.ActiveCfg = Debug|Any CPU
		{95835B95-1AF4-4D16-8339-56621E25893D}.Debug|Any CPU.Build.0 = Debug|Any CPU
		{95835B95-1AF4-4D16-8339-56621E25893D}.Release|Any CPU.ActiveCfg = Release|Any CPU
		{95835B95-1AF4-4D16-8339-56621E25893D}.Release|Any CPU.Build.0 = Release|Any CPU
	EndGlobalSection
	GlobalSection(SolutionProperties) = preSolution
		HideSolutionNode = FALSE
	EndGlobalSection
	GlobalSection(ExtensibilityGlobals) = postSolution
		SolutionGuid = {37B884B4-7733-4310-8B73-A94ED42BD5DC}
	EndGlobalSection
EndGlobal
